// !$*UTF8*$!
{
	archiveVersion = 1;
	classes = {
	};
	objectVersion = 46;
	objects = {

/* Begin PBXBuildFile section */
		3029FB491A4AC2CE00472F6B /* main.m in Sources */ = {isa = PBXBuildFile; fileRef = 3029FB481A4AC2CE00472F6B /* main.m */; };
		3029FB4C1A4AC2CE00472F6B /* AppDelegate.m in Sources */ = {isa = PBXBuildFile; fileRef = 3029FB4B1A4AC2CE00472F6B /* AppDelegate.m */; };
		3029FB4F1A4AC2CE00472F6B /* FirstViewController.m in Sources */ = {isa = PBXBuildFile; fileRef = 3029FB4E1A4AC2CE00472F6B /* FirstViewController.m */; };
		3029FB521A4AC2CE00472F6B /* SecondViewController.m in Sources */ = {isa = PBXBuildFile; fileRef = 3029FB511A4AC2CE00472F6B /* SecondViewController.m */; };
		3029FB551A4AC2CE00472F6B /* Main.storyboard in Resources */ = {isa = PBXBuildFile; fileRef = 3029FB531A4AC2CE00472F6B /* Main.storyboard */; };
		3029FB571A4AC2CE00472F6B /* Images.xcassets in Resources */ = {isa = PBXBuildFile; fileRef = 3029FB561A4AC2CE00472F6B /* Images.xcassets */; };
		3029FB5A1A4AC2CE00472F6B /* LaunchScreen.xib in Resources */ = {isa = PBXBuildFile; fileRef = 3029FB581A4AC2CE00472F6B /* LaunchScreen.xib */; };
		3029FB661A4AC2CE00472F6B /* CatsCryTests.m in Sources */ = {isa = PBXBuildFile; fileRef = 3029FB651A4AC2CE00472F6B /* CatsCryTests.m */; };
/* End PBXBuildFile section */

/* Begin PBXContainerItemProxy section */
		3029FB601A4AC2CE00472F6B /* PBXContainerItemProxy */ = {
			isa = PBXContainerItemProxy;
			containerPortal = 3029FB3B1A4AC2CE00472F6B /* Project object */;
			proxyType = 1;
			remoteGlobalIDString = 3029FB421A4AC2CE00472F6B;
			remoteInfo = CatsCry;
		};
/* End PBXContainerItemProxy section */

/* Begin PBXFileReference section */
		3029FB431A4AC2CE00472F6B /* CatsCry.app */ = {isa = PBXFileReference; explicitFileType = wrapper.application; includeInIndex = 0; path = CatsCry.app; sourceTree = BUILT_PRODUCTS_DIR; };
		3029FB471A4AC2CE00472F6B /* Info.plist */ = {isa = PBXFileReference; lastKnownFileType = text.plist.xml; path = Info.plist; sourceTree = "<group>"; };
		3029FB481A4AC2CE00472F6B /* main.m */ = {isa = PBXFileReference; lastKnownFileType = sourcecode.c.objc; path = main.m; sourceTree = "<group>"; };
		3029FB4A1A4AC2CE00472F6B /* AppDelegate.h */ = {isa = PBXFileReference; lastKnownFileType = sourcecode.c.h; path = AppDelegate.h; sourceTree = "<group>"; };
		3029FB4B1A4AC2CE00472F6B /* AppDelegate.m */ = {isa = PBXFileReference; lastKnownFileType = sourcecode.c.objc; path = AppDelegate.m; sourceTree = "<group>"; };
		3029FB4D1A4AC2CE00472F6B /* FirstViewController.h */ = {isa = PBXFileReference; lastKnownFileType = sourcecode.c.h; path = FirstViewController.h; sourceTree = "<group>"; };
		3029FB4E1A4AC2CE00472F6B /* FirstViewController.m */ = {isa = PBXFileReference; lastKnownFileType = sourcecode.c.objc; path = FirstViewController.m; sourceTree = "<group>"; };
		3029FB501A4AC2CE00472F6B /* SecondViewController.h */ = {isa = PBXFileReference; lastKnownFileType = sourcecode.c.h; path = SecondViewController.h; sourceTree = "<group>"; };
		3029FB511A4AC2CE00472F6B /* SecondViewController.m */ = {isa = PBXFileReference; lastKnownFileType = sourcecode.c.objc; path = SecondViewController.m; sourceTree = "<group>"; };
		3029FB541A4AC2CE00472F6B /* Base */ = {isa = PBXFileReference; lastKnownFileType = file.storyboard; name = Base; path = Base.lproj/Main.storyboard; sourceTree = "<group>"; };
		3029FB561A4AC2CE00472F6B /* Images.xcassets */ = {isa = PBXFileReference; lastKnownFileType = folder.assetcatalog; path = Images.xcassets; sourceTree = "<group>"; };
		3029FB591A4AC2CE00472F6B /* Base */ = {isa = PBXFileReference; lastKnownFileType = file.xib; name = Base; path = Base.lproj/LaunchScreen.xib; sourceTree = "<group>"; };
		3029FB5F1A4AC2CE00472F6B /* CatsCryTests.xctest */ = {isa = PBXFileReference; explicitFileType = wrapper.cfbundle; includeInIndex = 0; path = CatsCryTests.xctest; sourceTree = BUILT_PRODUCTS_DIR; };
		3029FB641A4AC2CE00472F6B /* Info.plist */ = {isa = PBXFileReference; lastKnownFileType = text.plist.xml; path = Info.plist; sourceTree = "<group>"; };
		3029FB651A4AC2CE00472F6B /* CatsCryTests.m */ = {isa = PBXFileReference; lastKnownFileType = sourcecode.c.objc; path = CatsCryTests.m; sourceTree = "<group>"; };
/* End PBXFileReference section */

/* Begin PBXFrameworksBuildPhase section */
		3029FB401A4AC2CE00472F6B /* Frameworks */ = {
			isa = PBXFrameworksBuildPhase;
			buildActionMask = 2147483647;
			files = (
			);
			runOnlyForDeploymentPostprocessing = 0;
		};
		3029FB5C1A4AC2CE00472F6B /* Frameworks */ = {
			isa = PBXFrameworksBuildPhase;
			buildActionMask = 2147483647;
			files = (
			);
			runOnlyForDeploymentPostprocessing = 0;
		};
/* End PBXFrameworksBuildPhase section */

/* Begin PBXGroup section */
		3029FB3A1A4AC2CE00472F6B = {
			isa = PBXGroup;
			children = (
				3029FB451A4AC2CE00472F6B /* CatsCry */,
				3029FB621A4AC2CE00472F6B /* CatsCryTests */,
				3029FB441A4AC2CE00472F6B /* Products */,
			);
			sourceTree = "<group>";
		};
		3029FB441A4AC2CE00472F6B /* Products */ = {
			isa = PBXGroup;
			children = (
				3029FB431A4AC2CE00472F6B /* CatsCry.app */,
				3029FB5F1A4AC2CE00472F6B /* CatsCryTests.xctest */,
			);
			name = Products;
			sourceTree = "<group>";
		};
		3029FB451A4AC2CE00472F6B /* CatsCry */ = {
			isa = PBXGroup;
			children = (
				3029FB4A1A4AC2CE00472F6B /* AppDelegate.h */,
				3029FB4B1A4AC2CE00472F6B /* AppDelegate.m */,
				3029FB4D1A4AC2CE00472F6B /* FirstViewController.h */,
				3029FB4E1A4AC2CE00472F6B /* FirstViewController.m */,
				3029FB501A4AC2CE00472F6B /* SecondViewController.h */,
				3029FB511A4AC2CE00472F6B /* SecondViewController.m */,
				3029FB531A4AC2CE00472F6B /* Main.storyboard */,
				3029FB561A4AC2CE00472F6B /* Images.xcassets */,
				3029FB581A4AC2CE00472F6B /* LaunchScreen.xib */,
				3029FB461A4AC2CE00472F6B /* Supporting Files */,
			);
			path = CatsCry;
			sourceTree = "<group>";
		};
		3029FB461A4AC2CE00472F6B /* Supporting Files */ = {
			isa = PBXGroup;
			children = (
				3029FB471A4AC2CE00472F6B /* Info.plist */,
				3029FB481A4AC2CE00472F6B /* main.m */,
			);
			name = "Supporting Files";
			sourceTree = "<group>";
		};
		3029FB621A4AC2CE00472F6B /* CatsCryTests */ = {
			isa = PBXGroup;
			children = (
				3029FB651A4AC2CE00472F6B /* CatsCryTests.m */,
				3029FB631A4AC2CE00472F6B /* Supporting Files */,
			);
			path = CatsCryTests;
			sourceTree = "<group>";
		};
		3029FB631A4AC2CE00472F6B /* Supporting Files */ = {
			isa = PBXGroup;
			children = (
				3029FB641A4AC2CE00472F6B /* Info.plist */,
			);
			name = "Supporting Files";
			sourceTree = "<group>";
		};
/* End PBXGroup section */

/* Begin PBXNativeTarget section */
		3029FB421A4AC2CE00472F6B /* CatsCry */ = {
			isa = PBXNativeTarget;
			buildConfigurationList = 3029FB691A4AC2CE00472F6B /* Build configuration list for PBXNativeTarget "CatsCry" */;
			buildPhases = (
				3029FB3F1A4AC2CE00472F6B /* Sources */,
				3029FB401A4AC2CE00472F6B /* Frameworks */,
				3029FB411A4AC2CE00472F6B /* Resources */,
			);
			buildRules = (
			);
			dependencies = (
			);
			name = CatsCry;
			productName = CatsCry;
			productReference = 3029FB431A4AC2CE00472F6B /* CatsCry.app */;
			productType = "com.apple.product-type.application";
		};
		3029FB5E1A4AC2CE00472F6B /* CatsCryTests */ = {
			isa = PBXNativeTarget;
			buildConfigurationList = 3029FB6C1A4AC2CE00472F6B /* Build configuration list for PBXNativeTarget "CatsCryTests" */;
			buildPhases = (
				3029FB5B1A4AC2CE00472F6B /* Sources */,
				3029FB5C1A4AC2CE00472F6B /* Frameworks */,
				3029FB5D1A4AC2CE00472F6B /* Resources */,
			);
			buildRules = (
			);
			dependencies = (
				3029FB611A4AC2CE00472F6B /* PBXTargetDependency */,
			);
			name = CatsCryTests;
			productName = CatsCryTests;
			productReference = 3029FB5F1A4AC2CE00472F6B /* CatsCryTests.xctest */;
			productType = "com.apple.product-type.bundle.unit-test";
		};
/* End PBXNativeTarget section */

/* Begin PBXProject section */
		3029FB3B1A4AC2CE00472F6B /* Project object */ = {
			isa = PBXProject;
			attributes = {
				LastUpgradeCheck = 0610;
				ORGANIZATIONNAME = "老岳";
				TargetAttributes = {
					3029FB421A4AC2CE00472F6B = {
						CreatedOnToolsVersion = 6.1;
					};
					3029FB5E1A4AC2CE00472F6B = {
						CreatedOnToolsVersion = 6.1;
						TestTargetID = 3029FB421A4AC2CE00472F6B;
					};
				};
			};
			buildConfigurationList = 3029FB3E1A4AC2CE00472F6B /* Build configuration list for PBXProject "CatsCry" */;
			compatibilityVersion = "Xcode 3.2";
			developmentRegion = English;
			hasScannedForEncodings = 0;
			knownRegions = (
				en,
				Base,
			);
			mainGroup = 3029FB3A1A4AC2CE00472F6B;
			productRefGroup = 3029FB441A4AC2CE00472F6B /* Products */;
			projectDirPath = "";
			projectRoot = "";
			targets = (
				3029FB421A4AC2CE00472F6B /* CatsCry */,
				3029FB5E1A4AC2CE00472F6B /* CatsCryTests */,
			);
		};
/* End PBXProject section */

/* Begin PBXResourcesBuildPhase section */
		3029FB411A4AC2CE00472F6B /* Resources */ = {
			isa = PBXResourcesBuildPhase;
			buildActionMask = 2147483647;
			files = (
				3029FB551A4AC2CE00472F6B /* Main.storyboard in Resources */,
				3029FB5A1A4AC2CE00472F6B /* LaunchScreen.xib in Resources */,
				3029FB571A4AC2CE00472F6B /* Images.xcassets in Resources */,
			);
			runOnlyForDeploymentPostprocessing = 0;
		};
		3029FB5D1A4AC2CE00472F6B /* Resources */ = {
			isa = PBXResourcesBuildPhase;
			buildActionMask = 2147483647;
			files = (
			);
			runOnlyForDeploymentPostprocessing = 0;
		};
/* End PBXResourcesBuildPhase section */

/* Begin PBXSourcesBuildPhase section */
		3029FB3F1A4AC2CE00472F6B /* Sources */ = {
			isa = PBXSourcesBuildPhase;
			buildActionMask = 2147483647;
			files = (
				3029FB521A4AC2CE00472F6B /* SecondViewController.m in Sources */,
				3029FB4C1A4AC2CE00472F6B /* AppDelegate.m in Sources */,
				3029FB4F1A4AC2CE00472F6B /* FirstViewController.m in Sources */,
				3029FB491A4AC2CE00472F6B /* main.m in Sources */,
			);
			runOnlyForDeploymentPostprocessing = 0;
		};
		3029FB5B1A4AC2CE00472F6B /* Sources */ = {
			isa = PBXSourcesBuildPhase;
			buildActionMask = 2147483647;
			files = (
				3029FB661A4AC2CE00472F6B /* CatsCryTests.m in Sources */,
			);
			runOnlyForDeploymentPostprocessing = 0;
		};
/* End PBXSourcesBuildPhase section */

/* Begin PBXTargetDependency section */
		3029FB611A4AC2CE00472F6B /* PBXTargetDependency */ = {
			isa = PBXTargetDependency;
			target = 3029FB421A4AC2CE00472F6B /* CatsCry */;
			targetProxy = 3029FB601A4AC2CE00472F6B /* PBXContainerItemProxy */;
		};
/* End PBXTargetDependency section */

/* Begin PBXVariantGroup section */
		3029FB531A4AC2CE00472F6B /* Main.storyboard */ = {
			isa = PBXVariantGroup;
			children = (
				3029FB541A4AC2CE00472F6B /* Base */,
			);
			name = Main.storyboard;
			sourceTree = "<group>";
		};
		3029FB581A4AC2CE00472F6B /* LaunchScreen.xib */ = {
			isa = PBXVariantGroup;
			children = (
				3029FB591A4AC2CE00472F6B /* Base */,
			);
			name = LaunchScreen.xib;
			sourceTree = "<group>";
		};
/* End PBXVariantGroup section */

/* Begin XCBuildConfiguration section */
		3029FB671A4AC2CE00472F6B /* Debug */ = {
			isa = XCBuildConfiguration;
			buildSettings = {
				ALWAYS_SEARCH_USER_PATHS = NO;
				CLANG_CXX_LANGUAGE_STANDARD = "gnu++0x";
				CLANG_CXX_LIBRARY = "libc++";
				CLANG_ENABLE_MODULES = YES;
				CLANG_ENABLE_OBJC_ARC = YES;
				CLANG_WARN_BOOL_CONVERSION = YES;
				CLANG_WARN_CONSTANT_CONVERSION = YES;
				CLANG_WARN_DIRECT_OBJC_ISA_USAGE = YES_ERROR;
				CLANG_WARN_EMPTY_BODY = YES;
				CLANG_WARN_ENUM_CONVERSION = YES;
				CLANG_WARN_INT_CONVERSION = YES;
				CLANG_WARN_OBJC_ROOT_CLASS = YES_ERROR;
				CLANG_WARN_UNREACHABLE_CODE = YES;
				CLANG_WARN__DUPLICATE_METHOD_MATCH = YES;
				"CODE_SIGN_IDENTITY[sdk=iphoneos*]" = "iPhone Developer";
				COPY_PHASE_STRIP = NO;
				ENABLE_STRICT_OBJC_MSGSEND = YES;
				GCC_C_LANGUAGE_STANDARD = gnu99;
				GCC_DYNAMIC_NO_PIC = NO;
				GCC_OPTIMIZATION_LEVEL = 0;
				GCC_PREPROCESSOR_DEFINITIONS = (
					"DEBUG=1",
					"$(inherited)",
				);
				GCC_SYMBOLS_PRIVATE_EXTERN = NO;
				GCC_WARN_64_TO_32_BIT_CONVERSION = YES;
				GCC_WARN_ABOUT_RETURN_TYPE = YES_ERROR;
				GCC_WARN_UNDECLARED_SELECTOR = YES;
				GCC_WARN_UNINITIALIZED_AUTOS = YES_AGGRESSIVE;
				GCC_WARN_UNUSED_FUNCTION = YES;
				GCC_WARN_UNUSED_VARIABLE = YES;
				IPHONEOS_DEPLOYMENT_TARGET = 8.1;
				MTL_ENABLE_DEBUG_INFO = YES;
				ONLY_ACTIVE_ARCH = YES;
				SDKROOT = iphoneos;
			};
			name = Debug;
		};
		3029FB681A4AC2CE00472F6B /* Release */ = {
			isa = XCBuildConfiguration;
			buildSettings = {
				ALWAYS_SEARCH_USER_PATHS = NO;
				CLANG_CXX_LANGUAGE_STANDARD = "gnu++0x";
				CLANG_CXX_LIBRARY = "libc++";
				CLANG_ENABLE_MODULES = YES;
				CLANG_ENABLE_OBJC_ARC = YES;
				CLANG_WARN_BOOL_CONVERSION = YES;
				CLANG_WARN_CONSTANT_CONVERSION = YES;
				CLANG_WARN_DIRECT_OBJC_ISA_USAGE = YES_ERROR;
				CLANG_WARN_EMPTY_BODY = YES;
				CLANG_WARN_ENUM_CONVERSION = YES;
				CLANG_WARN_INT_CONVERSION = YES;
				CLANG_WARN_OBJC_ROOT_CLASS = YES_ERROR;
				CLANG_WARN_UNREACHABLE_CODE = YES;
				CLANG_WARN__DUPLICATE_METHOD_MATCH = YES;
				"CODE_SIGN_IDENTITY[sdk=iphoneos*]" = "iPhone Developer";
				COPY_PHASE_STRIP = YES;
				ENABLE_NS_ASSERTIONS = NO;
				ENABLE_STRICT_OBJC_MSGSEND = YES;
				GCC_C_LANGUAGE_STANDARD = gnu99;
				GCC_WARN_64_TO_32_BIT_CONVERSION = YES;
				GCC_WARN_ABOUT_RETURN_TYPE = YES_ERROR;
				GCC_WARN_UNDECLARED_SELECTOR = YES;
				GCC_WARN_UNINITIALIZED_AUTOS = YES_AGGRESSIVE;
				GCC_WARN_UNUSED_FUNCTION = YES;
				GCC_WARN_UNUSED_VARIABLE = YES;
				IPHONEOS_DEPLOYMENT_TARGET = 8.1;
				MTL_ENABLE_DEBUG_INFO = NO;
				SDKROOT = iphoneos;
				VALIDATE_PRODUCT = YES;
			};
			name = Release;
		};
		3029FB6A1A4AC2CE00472F6B /* Debug */ = {
			isa = XCBuildConfiguration;
			buildSettings = {
				ASSETCATALOG_COMPILER_APPICON_NAME = AppIcon;
				INFOPLIST_FILE = CatsCry/Info.plist;
				LD_RUNPATH_SEARCH_PATHS = "$(inherited) @executable_path/Frameworks";
				PRODUCT_NAME = "$(TARGET_NAME)";
			};
			name = Debug;
		};
		3029FB6B1A4AC2CE00472F6B /* Release */ = {
			isa = XCBuildConfiguration;
			buildSettings = {
				ASSETCATALOG_COMPILER_APPICON_NAME = AppIcon;
				INFOPLIST_FILE = CatsCry/Info.plist;
				LD_RUNPATH_SEARCH_PATHS = "$(inherited) @executable_path/Frameworks";
				PRODUCT_NAME = "$(TARGET_NAME)";
			};
			name = Release;
		};
		3029FB6D1A4AC2CE00472F6B /* Debug */ = {
			isa = XCBuildConfiguration;
			buildSettings = {
				BUNDLE_LOADER = "$(TEST_HOST)";
				FRAMEWORK_SEARCH_PATHS = (
					"$(SDKROOT)/Developer/Library/Frameworks",
					"$(inherited)",
				);
				GCC_PREPROCESSOR_DEFINITIONS = (
					"DEBUG=1",
					"$(inherited)",
				);
				INFOPLIST_FILE = CatsCryTests/Info.plist;
				LD_RUNPATH_SEARCH_PATHS = "$(inherited) @executable_path/Frameworks @loader_path/Frameworks";
				PRODUCT_NAME = "$(TARGET_NAME)";
				TEST_HOST = "$(BUILT_PRODUCTS_DIR)/CatsCry.app/CatsCry";
			};
			name = Debug;
		};
		3029FB6E1A4AC2CE00472F6B /* Release */ = {
			isa = XCBuildConfiguration;
			buildSettings = {
				BUNDLE_LOADER = "$(TEST_HOST)";
				FRAMEWORK_SEARCH_PATHS = (
					"$(SDKROOT)/Developer/Library/Frameworks",
					"$(inherited)",
				);
				INFOPLIST_FILE = CatsCryTests/Info.plist;
				LD_RUNPATH_SEARCH_PATHS = "$(inherited) @executable_path/Frameworks @loader_path/Frameworks";
				PRODUCT_NAME = "$(TARGET_NAME)";
				TEST_HOST = "$(BUILT_PRODUCTS_DIR)/CatsCry.app/CatsCry";
			};
			name = Release;
		};
/* End XCBuildConfiguration section */

/* Begin XCConfigurationList section */
		3029FB3E1A4AC2CE00472F6B /* Build configuration list for PBXProject "CatsCry" */ = {
			isa = XCConfigurationList;
			buildConfigurations = (
				3029FB671A4AC2CE00472F6B /* Debug */,
				3029FB681A4AC2CE00472F6B /* Release */,
			);
			defaultConfigurationIsVisible = 0;
			defaultConfigurationName = Release;
		};
		3029FB691A4AC2CE00472F6B /* Build configuration list for PBXNativeTarget "CatsCry" */ = {
			isa = XCConfigurationList;
			buildConfigurations = (
				3029FB6A1A4AC2CE00472F6B /* Debug */,
				3029FB6B1A4AC2CE00472F6B /* Release */,
			);
			defaultConfigurationIsVisible = 0;
		};
		3029FB6C1A4AC2CE00472F6B /* Build configuration list for PBXNativeTarget "CatsCryTests" */ = {
			isa = XCConfigurationList;
			buildConfigurations = (
				3029FB6D1A4AC2CE00472F6B /* Debug */,
				3029FB6E1A4AC2CE00472F6B /* Release */,
			);
			defaultConfigurationIsVisible = 0;
		};
/* End XCConfigurationList section */
	};
	rootObject = 3029FB3B1A4AC2CE00472F6B /* Project object */;
}
